
Microsoft Visual Studio Solution File, Format Version 12.00
# Visual Studio Version 16
VisualStudioVersion = 16.0.30413.136
MinimumVisualStudioVersion = 10.0.40219.1
Project("{FAE04EC0-301F-11D3-BF4B-00C04F79EFBC}") = "Tamojka", "Tamojka\Tamojka.csproj", "{F6234653-1E01-4497-9D9C-6AD70AF62CAB}"
EndProject
Global
	GlobalSection(SolutionConfigurationPlatforms) = preSolution
		Debug|Any CPU = Debug|Any CPU
		Release|Any CPU = Release|Any CPU
	EndGlobalSection
	GlobalSection(ProjectConfigurationPlatforms) = postSolution
		{F6234653-1E01-4497-9D9C-6AD70AF62CAB}.Debug|Any CPU.ActiveCfg = Debug|Any CPU
		{F6234653-1E01-4497-9D9C-6AD70AF62CAB}.Debug|Any CPU.Build.0 = Debug|Any CPU
		{F6234653-1E01-4497-9D9C-6AD70AF62CAB}.Release|Any CPU.ActiveCfg = Release|Any CPU
		{F6234653-1E01-4497-9D9C-6AD70AF62CAB}.Release|Any CPU.Build.0 = Release|Any CPU
	EndGlobalSection
	GlobalSection(SolutionProperties) = preSolution
		HideSolutionNode = FALSE
	EndGlobalSection
	GlobalSection(ExtensibilityGlobals) = postSolution
		SolutionGuid = {8A6DA591-33E9-40D7-A3B1-23E8C21B9529}
	EndGlobalSection
EndGlobal
